
Microsoft Visual Studio Solution File, Format Version 12.00
# Visual Studio 2013
VisualStudioVersion = 12.0.31101.0
MinimumVisualStudioVersion = 10.0.40219.1
Project("{FAE04EC0-301F-11D3-BF4B-00C04F79EFBC}") = "PFeederServer", "PFeederServer\PFeederServer.csproj", "{AE978AF6-C5E4-4E97-A2C0-C5C0B3E0A0F9}"
EndProject
Project("{FAE04EC0-301F-11D3-BF4B-00C04F79EFBC}") = "ElephantServer", "ElephantServer\ElephantServer.csproj", "{C6501A32-4322-4C68-BF2D-AFF359C44142}"
EndProject
Global
	GlobalSection(SolutionConfigurationPlatforms) = preSolution
		Debug|Any CPU = Debug|Any CPU
		Release|Any CPU = Release|Any CPU
	EndGlobalSection
	GlobalSection(ProjectConfigurationPlatforms) = postSolution
		{AE978AF6-C5E4-4E97-A2C0-C5C0B3E0A0F9}.Debug|Any CPU.ActiveCfg = Debug|Any CPU
		{AE978AF6-C5E4-4E97-A2C0-C5C0B3E0A0F9}.Debug|Any CPU.Build.0 = Debug|Any CPU
		{AE978AF6-C5E4-4E97-A2C0-C5C0B3E0A0F9}.Release|Any CPU.ActiveCfg = Release|Any CPU
		{AE978AF6-C5E4-4E97-A2C0-C5C0B3E0A0F9}.Release|Any CPU.Build.0 = Release|Any CPU
		{C6501A32-4322-4C68-BF2D-AFF359C44142}.Debug|Any CPU.ActiveCfg = Debug|Any CPU
		{C6501A32-4322-4C68-BF2D-AFF359C44142}.Debug|Any CPU.Build.0 = Debug|Any CPU
		{C6501A32-4322-4C68-BF2D-AFF359C44142}.Release|Any CPU.ActiveCfg = Release|Any CPU
		{C6501A32-4322-4C68-BF2D-AFF359C44142}.Release|Any CPU.Build.0 = Release|Any CPU
	EndGlobalSection
	GlobalSection(SolutionProperties) = preSolution
		HideSolutionNode = FALSE
	EndGlobalSection
EndGlobal
